// !$*UTF8*$!
{
	archiveVersion = 1;
	classes = {
	};
	objectVersion = 50;
	objects = {

/* Begin PBXBuildFile section */
		371E8CF62116DD55000E7281 /* AppDelegate.swift in Sources */ = {isa = PBXBuildFile; fileRef = 371E8CF52116DD55000E7281 /* AppDelegate.swift */; };
		371E8CF82116DD56000E7281 /* Assets.xcassets in Resources */ = {isa = PBXBuildFile; fileRef = 371E8CF72116DD56000E7281 /* Assets.xcassets */; };
		371E8CFB2116DD56000E7281 /* MainMenu.xib in Resources */ = {isa = PBXBuildFile; fileRef = 371E8CF92116DD56000E7281 /* MainMenu.xib */; };
		371E8D052116DF2E000E7281 /* GithubWebViewController.swift in Sources */ = {isa = PBXBuildFile; fileRef = 371E8D032116DF2E000E7281 /* GithubWebViewController.swift */; };
		371E8D062116DF2E000E7281 /* GithubWebViewController.xib in Resources */ = {isa = PBXBuildFile; fileRef = 371E8D042116DF2E000E7281 /* GithubWebViewController.xib */; };
		374FB1282258E9DF00BF4E12 /* static in Resources */ = {isa = PBXBuildFile; fileRef = 374FB1262258E9DF00BF4E12 /* static */; };
		374FB1292258E9DF00BF4E12 /* index.html in Resources */ = {isa = PBXBuildFile; fileRef = 374FB1272258E9DF00BF4E12 /* index.html */; };
		379D4E092117E80A00C02FEB /* GithubRequests.swift in Sources */ = {isa = PBXBuildFile; fileRef = 379D4E082117E80A00C02FEB /* GithubRequests.swift */; };
		37B70A0F2259364500FDDE97 /* WeakScriptMessageDelegate.swift in Sources */ = {isa = PBXBuildFile; fileRef = 37B70A0E2259364500FDDE97 /* WeakScriptMessageDelegate.swift */; };
		37D07E152117DF1C00CED300 /* EventMonitor.swift in Sources */ = {isa = PBXBuildFile; fileRef = 37D07E142117DF1C00CED300 /* EventMonitor.swift */; };
		37E63FA82116EA2E001CA2FB /* MyPopoverView.swift in Sources */ = {isa = PBXBuildFile; fileRef = 37E63FA72116EA2E001CA2FB /* MyPopoverView.swift */; };
		37E63FAE21170A06001CA2FB /* Utils.swift in Sources */ = {isa = PBXBuildFile; fileRef = 37E63FAD21170A06001CA2FB /* Utils.swift */; };
		3DFDE1B0E87DF7A8B84E4714 /* Pods_GithubStatus_3.framework in Frameworks */ = {isa = PBXBuildFile; fileRef = 73E1E98B7D80C2763AFBD112 /* Pods_GithubStatus_3.framework */; };
/* End PBXBuildFile section */

/* Begin PBXFileReference section */
		371E8CF22116DD55000E7281 /* GithubStatus_3.app */ = {isa = PBXFileReference; explicitFileType = wrapper.application; includeInIndex = 0; path = GithubStatus_3.app; sourceTree = BUILT_PRODUCTS_DIR; };
		371E8CF52116DD55000E7281 /* AppDelegate.swift */ = {isa = PBXFileReference; lastKnownFileType = sourcecode.swift; path = AppDelegate.swift; sourceTree = "<group>"; };
		371E8CF72116DD56000E7281 /* Assets.xcassets */ = {isa = PBXFileReference; lastKnownFileType = folder.assetcatalog; path = Assets.xcassets; sourceTree = "<group>"; };
		371E8CFA2116DD56000E7281 /* Base */ = {isa = PBXFileReference; lastKnownFileType = file.xib; name = Base; path = Base.lproj/MainMenu.xib; sourceTree = "<group>"; };
		371E8CFC2116DD56000E7281 /* Info.plist */ = {isa = PBXFileReference; lastKnownFileType = text.plist.xml; path = Info.plist; sourceTree = "<group>"; };
		371E8CFD2116DD56000E7281 /* GithubStatus_3.entitlements */ = {isa = PBXFileReference; lastKnownFileType = text.plist.entitlements; path = GithubStatus_3.entitlements; sourceTree = "<group>"; };
		371E8D032116DF2E000E7281 /* GithubWebViewController.swift */ = {isa = PBXFileReference; lastKnownFileType = sourcecode.swift; path = GithubWebViewController.swift; sourceTree = "<group>"; };
		371E8D042116DF2E000E7281 /* GithubWebViewController.xib */ = {isa = PBXFileReference; lastKnownFileType = file.xib; path = GithubWebViewController.xib; sourceTree = "<group>"; };
		374FB1262258E9DF00BF4E12 /* static */ = {isa = PBXFileReference; lastKnownFileType = folder; name = static; path = webview/build/static; sourceTree = SOURCE_ROOT; };
		374FB1272258E9DF00BF4E12 /* index.html */ = {isa = PBXFileReference; fileEncoding = 4; lastKnownFileType = text.html; name = index.html; path = webview/build/index.html; sourceTree = SOURCE_ROOT; };
		379D4E082117E80A00C02FEB /* GithubRequests.swift */ = {isa = PBXFileReference; lastKnownFileType = sourcecode.swift; path = GithubRequests.swift; sourceTree = "<group>"; };
		37B70A0E2259364500FDDE97 /* WeakScriptMessageDelegate.swift */ = {isa = PBXFileReference; lastKnownFileType = sourcecode.swift; path = WeakScriptMessageDelegate.swift; sourceTree = "<group>"; };
		37D07E142117DF1C00CED300 /* EventMonitor.swift */ = {isa = PBXFileReference; lastKnownFileType = sourcecode.swift; path = EventMonitor.swift; sourceTree = "<group>"; };
		37E63FA72116EA2E001CA2FB /* MyPopoverView.swift */ = {isa = PBXFileReference; lastKnownFileType = sourcecode.swift; path = MyPopoverView.swift; sourceTree = "<group>"; };
		37E63FAD21170A06001CA2FB /* Utils.swift */ = {isa = PBXFileReference; lastKnownFileType = sourcecode.swift; path = Utils.swift; sourceTree = "<group>"; };
		73E1E98B7D80C2763AFBD112 /* Pods_GithubStatus_3.framework */ = {isa = PBXFileReference; explicitFileType = wrapper.framework; includeInIndex = 0; path = Pods_GithubStatus_3.framework; sourceTree = BUILT_PRODUCTS_DIR; };
		C194F3F6D7D510F88C4BFCF1 /* Pods-GithubStatus_3.release.xcconfig */ = {isa = PBXFileReference; includeInIndex = 1; lastKnownFileType = text.xcconfig; name = "Pods-GithubStatus_3.release.xcconfig"; path = "Pods/Target Support Files/Pods-GithubStatus_3/Pods-GithubStatus_3.release.xcconfig"; sourceTree = "<group>"; };
		C5C2A1502F35ABF55C4E4D0A /* Pods-GithubStatus_3.debug.xcconfig */ = {isa = PBXFileReference; includeInIndex = 1; lastKnownFileType = text.xcconfig; name = "Pods-GithubStatus_3.debug.xcconfig"; path = "Pods/Target Support Files/Pods-GithubStatus_3/Pods-GithubStatus_3.debug.xcconfig"; sourceTree = "<group>"; };
/* End PBXFileReference section */

/* Begin PBXFrameworksBuildPhase section */
		371E8CEF2116DD55000E7281 /* Frameworks */ = {
			isa = PBXFrameworksBuildPhase;
			buildActionMask = 2147483647;
			files = (
				3DFDE1B0E87DF7A8B84E4714 /* Pods_GithubStatus_3.framework in Frameworks */,
			);
			runOnlyForDeploymentPostprocessing = 0;
		};
/* End PBXFrameworksBuildPhase section */

/* Begin PBXGroup section */
		311E9DB3CC1856810305107F /* Frameworks */ = {
			isa = PBXGroup;
			children = (
				73E1E98B7D80C2763AFBD112 /* Pods_GithubStatus_3.framework */,
			);
			name = Frameworks;
			sourceTree = "<group>";
		};
		371E8CE92116DD55000E7281 = {
			isa = PBXGroup;
			children = (
				371E8CF42116DD55000E7281 /* GithubStatus_3 */,
				371E8CF32116DD55000E7281 /* Products */,
				62BB4563906058690EFF4059 /* Pods */,
				311E9DB3CC1856810305107F /* Frameworks */,
			);
			sourceTree = "<group>";
		};
		371E8CF32116DD55000E7281 /* Products */ = {
			isa = PBXGroup;
			children = (
				371E8CF22116DD55000E7281 /* GithubStatus_3.app */,
			);
			name = Products;
			sourceTree = "<group>";
		};
		371E8CF42116DD55000E7281 /* GithubStatus_3 */ = {
			isa = PBXGroup;
			children = (
				379D4E0A2117E80F00C02FEB /* util */,
				371E8D0B2116E050000E7281 /* HTML */,
				371E8CF52116DD55000E7281 /* AppDelegate.swift */,
				371E8CF72116DD56000E7281 /* Assets.xcassets */,
				371E8CF92116DD56000E7281 /* MainMenu.xib */,
				371E8CFC2116DD56000E7281 /* Info.plist */,
				371E8CFD2116DD56000E7281 /* GithubStatus_3.entitlements */,
				371E8D032116DF2E000E7281 /* GithubWebViewController.swift */,
				371E8D042116DF2E000E7281 /* GithubWebViewController.xib */,
				37E63FA72116EA2E001CA2FB /* MyPopoverView.swift */,
				37B70A0E2259364500FDDE97 /* WeakScriptMessageDelegate.swift */,
			);
			path = GithubStatus_3;
			sourceTree = "<group>";
		};
		371E8D0B2116E050000E7281 /* HTML */ = {
			isa = PBXGroup;
			children = (
				374FB1272258E9DF00BF4E12 /* index.html */,
				374FB1262258E9DF00BF4E12 /* static */,
			);
			path = HTML;
			sourceTree = "<group>";
		};
		379D4E0A2117E80F00C02FEB /* util */ = {
			isa = PBXGroup;
			children = (
				37E63FAD21170A06001CA2FB /* Utils.swift */,
				37D07E142117DF1C00CED300 /* EventMonitor.swift */,
				379D4E082117E80A00C02FEB /* GithubRequests.swift */,
			);
			path = util;
			sourceTree = "<group>";
		};
		62BB4563906058690EFF4059 /* Pods */ = {
			isa = PBXGroup;
			children = (
				C5C2A1502F35ABF55C4E4D0A /* Pods-GithubStatus_3.debug.xcconfig */,
				C194F3F6D7D510F88C4BFCF1 /* Pods-GithubStatus_3.release.xcconfig */,
			);
			name = Pods;
			sourceTree = "<group>";
		};
/* End PBXGroup section */

/* Begin PBXNativeTarget section */
		371E8CF12116DD55000E7281 /* GithubStatus_3 */ = {
			isa = PBXNativeTarget;
			buildConfigurationList = 371E8D002116DD56000E7281 /* Build configuration list for PBXNativeTarget "GithubStatus_3" */;
			buildPhases = (
				E7F3D435F5DBFA11BCE8E35E /* [CP] Check Pods Manifest.lock */,
				371E8CEE2116DD55000E7281 /* Sources */,
				371E8CEF2116DD55000E7281 /* Frameworks */,
				371E8CF02116DD55000E7281 /* Resources */,
				FF292DFE914CD64D9799F677 /* [CP] Embed Pods Frameworks */,
			);
			buildRules = (
			);
			dependencies = (
			);
			name = GithubStatus_3;
			productName = GithubStatus_3;
			productReference = 371E8CF22116DD55000E7281 /* GithubStatus_3.app */;
			productType = "com.apple.product-type.application";
		};
/* End PBXNativeTarget section */

/* Begin PBXProject section */
		371E8CEA2116DD55000E7281 /* Project object */ = {
			isa = PBXProject;
			attributes = {
				LastSwiftUpdateCheck = 0940;
				LastUpgradeCheck = 0940;
				ORGANIZATIONNAME = "张佳皓";
				TargetAttributes = {
					371E8CF12116DD55000E7281 = {
						CreatedOnToolsVersion = 9.4.1;
						SystemCapabilities = {
							com.apple.Sandbox = {
								enabled = 1;
							};
						};
					};
				};
			};
			buildConfigurationList = 371E8CED2116DD55000E7281 /* Build configuration list for PBXProject "GithubStatus_3" */;
			compatibilityVersion = "Xcode 9.3";
			developmentRegion = en;
			hasScannedForEncodings = 0;
			knownRegions = (
				en,
				Base,
			);
			mainGroup = 371E8CE92116DD55000E7281;
			productRefGroup = 371E8CF32116DD55000E7281 /* Products */;
			projectDirPath = "";
			projectRoot = "";
			targets = (
				371E8CF12116DD55000E7281 /* GithubStatus_3 */,
			);
		};
/* End PBXProject section */

/* Begin PBXResourcesBuildPhase section */
		371E8CF02116DD55000E7281 /* Resources */ = {
			isa = PBXResourcesBuildPhase;
			buildActionMask = 2147483647;
			files = (
				374FB1292258E9DF00BF4E12 /* index.html in Resources */,
				371E8D062116DF2E000E7281 /* GithubWebViewController.xib in Resources */,
				371E8CF82116DD56000E7281 /* Assets.xcassets in Resources */,
				374FB1282258E9DF00BF4E12 /* static in Resources */,
				371E8CFB2116DD56000E7281 /* MainMenu.xib in Resources */,
			);
			runOnlyForDeploymentPostprocessing = 0;
		};
/* End PBXResourcesBuildPhase section */

/* Begin PBXShellScriptBuildPhase section */
		E7F3D435F5DBFA11BCE8E35E /* [CP] Check Pods Manifest.lock */ = {
			isa = PBXShellScriptBuildPhase;
			buildActionMask = 2147483647;
			files = (
			);
			inputPaths = (
				"${PODS_PODFILE_DIR_PATH}/Podfile.lock",
				"${PODS_ROOT}/Manifest.lock",
			);
			name = "[CP] Check Pods Manifest.lock";
			outputPaths = (
				"$(DERIVED_FILE_DIR)/Pods-GithubStatus_3-checkManifestLockResult.txt",
			);
			runOnlyForDeploymentPostprocessing = 0;
			shellPath = /bin/sh;
			shellScript = "diff \"${PODS_PODFILE_DIR_PATH}/Podfile.lock\" \"${PODS_ROOT}/Manifest.lock\" > /dev/null\nif [ $? != 0 ] ; then\n    # print error to STDERR\n    echo \"error: The sandbox is not in sync with the Podfile.lock. Run 'pod install' or update your CocoaPods installation.\" >&2\n    exit 1\nfi\n# This output is used by Xcode 'outputs' to avoid re-running this script phase.\necho \"SUCCESS\" > \"${SCRIPT_OUTPUT_FILE_0}\"\n";
			showEnvVarsInLog = 0;
		};
		FF292DFE914CD64D9799F677 /* [CP] Embed Pods Frameworks */ = {
			isa = PBXShellScriptBuildPhase;
			buildActionMask = 2147483647;
			files = (
			);
			inputPaths = (
				"${SRCROOT}/Pods/Target Support Files/Pods-GithubStatus_3/Pods-GithubStatus_3-frameworks.sh",
				"${BUILT_PRODUCTS_DIR}/CrossroadRegex/Regex.framework",
				"${BUILT_PRODUCTS_DIR}/SwiftHTTP/SwiftHTTP.framework",
			);
			name = "[CP] Embed Pods Frameworks";
			outputPaths = (
				"${TARGET_BUILD_DIR}/${FRAMEWORKS_FOLDER_PATH}/Regex.framework",
				"${TARGET_BUILD_DIR}/${FRAMEWORKS_FOLDER_PATH}/SwiftHTTP.framework",
			);
			runOnlyForDeploymentPostprocessing = 0;
			shellPath = /bin/sh;
			shellScript = "\"${SRCROOT}/Pods/Target Support Files/Pods-GithubStatus_3/Pods-GithubStatus_3-frameworks.sh\"\n";
			showEnvVarsInLog = 0;
		};
/* End PBXShellScriptBuildPhase section */

/* Begin PBXSourcesBuildPhase section */
		371E8CEE2116DD55000E7281 /* Sources */ = {
			isa = PBXSourcesBuildPhase;
			buildActionMask = 2147483647;
			files = (
				37E63FA82116EA2E001CA2FB /* MyPopoverView.swift in Sources */,
				37D07E152117DF1C00CED300 /* EventMonitor.swift in Sources */,
				37B70A0F2259364500FDDE97 /* WeakScriptMessageDelegate.swift in Sources */,
				371E8D052116DF2E000E7281 /* GithubWebViewController.swift in Sources */,
				371E8CF62116DD55000E7281 /* AppDelegate.swift in Sources */,
				37E63FAE21170A06001CA2FB /* Utils.swift in Sources */,
				379D4E092117E80A00C02FEB /* GithubRequests.swift in Sources */,
			);
			runOnlyForDeploymentPostprocessing = 0;
		};
/* End PBXSourcesBuildPhase section */

/* Begin PBXVariantGroup section */
		371E8CF92116DD56000E7281 /* MainMenu.xib */ = {
			isa = PBXVariantGroup;
			children = (
				371E8CFA2116DD56000E7281 /* Base */,
			);
			name = MainMenu.xib;
			sourceTree = "<group>";
		};
/* End PBXVariantGroup section */

/* Begin XCBuildConfiguration section */
		371E8CFE2116DD56000E7281 /* Debug */ = {
			isa = XCBuildConfiguration;
			buildSettings = {
				ALWAYS_SEARCH_USER_PATHS = NO;
				CLANG_ANALYZER_NONNULL = YES;
				CLANG_ANALYZER_NUMBER_OBJECT_CONVERSION = YES_AGGRESSIVE;
				CLANG_CXX_LANGUAGE_STANDARD = "gnu++14";
				CLANG_CXX_LIBRARY = "libc++";
				CLANG_ENABLE_MODULES = YES;
				CLANG_ENABLE_OBJC_ARC = YES;
				CLANG_ENABLE_OBJC_WEAK = YES;
				CLANG_WARN_BLOCK_CAPTURE_AUTORELEASING = YES;
				CLANG_WARN_BOOL_CONVERSION = YES;
				CLANG_WARN_COMMA = YES;
				CLANG_WARN_CONSTANT_CONVERSION = YES;
				CLANG_WARN_DEPRECATED_OBJC_IMPLEMENTATIONS = YES;
				CLANG_WARN_DIRECT_OBJC_ISA_USAGE = YES_ERROR;
				CLANG_WARN_DOCUMENTATION_COMMENTS = YES;
				CLANG_WARN_EMPTY_BODY = YES;
				CLANG_WARN_ENUM_CONVERSION = YES;
				CLANG_WARN_INFINITE_RECURSION = YES;
				CLANG_WARN_INT_CONVERSION = YES;
				CLANG_WARN_NON_LITERAL_NULL_CONVERSION = YES;
				CLANG_WARN_OBJC_IMPLICIT_RETAIN_SELF = YES;
				CLANG_WARN_OBJC_LITERAL_CONVERSION = YES;
				CLANG_WARN_OBJC_ROOT_CLASS = YES_ERROR;
				CLANG_WARN_RANGE_LOOP_ANALYSIS = YES;
				CLANG_WARN_STRICT_PROTOTYPES = YES;
				CLANG_WARN_SUSPICIOUS_MOVE = YES;
				CLANG_WARN_UNGUARDED_AVAILABILITY = YES_AGGRESSIVE;
				CLANG_WARN_UNREACHABLE_CODE = YES;
				CLANG_WARN__DUPLICATE_METHOD_MATCH = YES;
				CODE_SIGN_IDENTITY = "Mac Developer";
				COPY_PHASE_STRIP = NO;
				DEBUG_INFORMATION_FORMAT = dwarf;
				ENABLE_STRICT_OBJC_MSGSEND = YES;
				ENABLE_TESTABILITY = YES;
				GCC_C_LANGUAGE_STANDARD = gnu11;
				GCC_DYNAMIC_NO_PIC = NO;
				GCC_NO_COMMON_BLOCKS = YES;
				GCC_OPTIMIZATION_LEVEL = 0;
				GCC_PREPROCESSOR_DEFINITIONS = (
					"DEBUG=1",
					"$(inherited)",
				);
				GCC_WARN_64_TO_32_BIT_CONVERSION = YES;
				GCC_WARN_ABOUT_RETURN_TYPE = YES_ERROR;
				GCC_WARN_UNDECLARED_SELECTOR = YES;
				GCC_WARN_UNINITIALIZED_AUTOS = YES_AGGRESSIVE;
				GCC_WARN_UNUSED_FUNCTION = YES;
				GCC_WARN_UNUSED_VARIABLE = YES;
				MACOSX_DEPLOYMENT_TARGET = 10.13;
				MTL_ENABLE_DEBUG_INFO = YES;
				ONLY_ACTIVE_ARCH = YES;
				SDKROOT = macosx;
				SWIFT_ACTIVE_COMPILATION_CONDITIONS = DEBUG;
				SWIFT_OPTIMIZATION_LEVEL = "-Onone";
			};
			name = Debug;
		};
		371E8CFF2116DD56000E7281 /* Release */ = {
			isa = XCBuildConfiguration;
			buildSettings = {
				ALWAYS_SEARCH_USER_PATHS = NO;
				CLANG_ANALYZER_NONNULL = YES;
				CLANG_ANALYZER_NUMBER_OBJECT_CONVERSION = YES_AGGRESSIVE;
				CLANG_CXX_LANGUAGE_STANDARD = "gnu++14";
				CLANG_CXX_LIBRARY = "libc++";
				CLANG_ENABLE_MODULES = YES;
				CLANG_ENABLE_OBJC_ARC = YES;
				CLANG_ENABLE_OBJC_WEAK = YES;
				CLANG_WARN_BLOCK_CAPTURE_AUTORELEASING = YES;
				CLANG_WARN_BOOL_CONVERSION = YES;
				CLANG_WARN_COMMA = YES;
				CLANG_WARN_CONSTANT_CONVERSION = YES;
				CLANG_WARN_DEPRECATED_OBJC_IMPLEMENTATIONS = YES;
				CLANG_WARN_DIRECT_OBJC_ISA_USAGE = YES_ERROR;
				CLANG_WARN_DOCUMENTATION_COMMENTS = YES;
				CLANG_WARN_EMPTY_BODY = YES;
				CLANG_WARN_ENUM_CONVERSION = YES;
				CLANG_WARN_INFINITE_RECURSION = YES;
				CLANG_WARN_INT_CONVERSION = YES;
				CLANG_WARN_NON_LITERAL_NULL_CONVERSION = YES;
				CLANG_WARN_OBJC_IMPLICIT_RETAIN_SELF = YES;
				CLANG_WARN_OBJC_LITERAL_CONVERSION = YES;
				CLANG_WARN_OBJC_ROOT_CLASS = YES_ERROR;
				CLANG_WARN_RANGE_LOOP_ANALYSIS = YES;
				CLANG_WARN_STRICT_PROTOTYPES = YES;
				CLANG_WARN_SUSPICIOUS_MOVE = YES;
				CLANG_WARN_UNGUARDED_AVAILABILITY = YES_AGGRESSIVE;
				CLANG_WARN_UNREACHABLE_CODE = YES;
				CLANG_WARN__DUPLICATE_METHOD_MATCH = YES;
				CODE_SIGN_IDENTITY = "Mac Developer";
				COPY_PHASE_STRIP = NO;
				DEBUG_INFORMATION_FORMAT = "dwarf-with-dsym";
				ENABLE_NS_ASSERTIONS = NO;
				ENABLE_STRICT_OBJC_MSGSEND = YES;
				GCC_C_LANGUAGE_STANDARD = gnu11;
				GCC_NO_COMMON_BLOCKS = YES;
				GCC_WARN_64_TO_32_BIT_CONVERSION = YES;
				GCC_WARN_ABOUT_RETURN_TYPE = YES_ERROR;
				GCC_WARN_UNDECLARED_SELECTOR = YES;
				GCC_WARN_UNINITIALIZED_AUTOS = YES_AGGRESSIVE;
				GCC_WARN_UNUSED_FUNCTION = YES;
				GCC_WARN_UNUSED_VARIABLE = YES;
				MACOSX_DEPLOYMENT_TARGET = 10.13;
				MTL_ENABLE_DEBUG_INFO = NO;
				SDKROOT = macosx;
				SWIFT_COMPILATION_MODE = wholemodule;
				SWIFT_OPTIMIZATION_LEVEL = "-O";
			};
			name = Release;
		};
		371E8D012116DD56000E7281 /* Debug */ = {
			isa = XCBuildConfiguration;
			baseConfigurationReference = C5C2A1502F35ABF55C4E4D0A /* Pods-GithubStatus_3.debug.xcconfig */;
			buildSettings = {
				ASSETCATALOG_COMPILER_APPICON_NAME = AppIcon;
				CODE_SIGN_ENTITLEMENTS = GithubStatus_3/GithubStatus_3.entitlements;
				CODE_SIGN_IDENTITY = "Mac Developer";
				CODE_SIGN_STYLE = Automatic;
				COMBINE_HIDPI_IMAGES = YES;
				DEVELOPMENT_TEAM = RE4CMN34PG;
				INFOPLIST_FILE = GithubStatus_3/Info.plist;
				LD_RUNPATH_SEARCH_PATHS = (
					"$(inherited)",
					"@executable_path/../Frameworks",
				);
				PRODUCT_BUNDLE_IDENTIFIER = "xyz.hduzplus.GithubStatus-3";
				PRODUCT_NAME = "$(TARGET_NAME)";
				PROVISIONING_PROFILE_SPECIFIER = "";
				SWIFT_VERSION = 4.0;
			};
			name = Debug;
		};
		371E8D022116DD56000E7281 /* Release */ = {
			isa = XCBuildConfiguration;
			baseConfigurationReference = C194F3F6D7D510F88C4BFCF1 /* Pods-GithubStatus_3.release.xcconfig */;
			buildSettings = {
				ASSETCATALOG_COMPILER_APPICON_NAME = AppIcon;
				CODE_SIGN_ENTITLEMENTS = GithubStatus_3/GithubStatus_3.entitlements;
				CODE_SIGN_IDENTITY = "Mac Developer";
				CODE_SIGN_STYLE = Automatic;
				COMBINE_HIDPI_IMAGES = YES;
				DEVELOPMENT_TEAM = RE4CMN34PG;
				INFOPLIST_FILE = GithubStatus_3/Info.plist;
				LD_RUNPATH_SEARCH_PATHS = (
					"$(inherited)",
					"@executable_path/../Frameworks",
				);
				PRODUCT_BUNDLE_IDENTIFIER = "xyz.hduzplus.GithubStatus-3";
				PRODUCT_NAME = "$(TARGET_NAME)";
				PROVISIONING_PROFILE_SPECIFIER = "";
				SWIFT_VERSION = 4.0;
			};
			name = Release;
		};
/* End XCBuildConfiguration section */

/* Begin XCConfigurationList section */
		371E8CED2116DD55000E7281 /* Build configuration list for PBXProject "GithubStatus_3" */ = {
			isa = XCConfigurationList;
			buildConfigurations = (
				371E8CFE2116DD56000E7281 /* Debug */,
				371E8CFF2116DD56000E7281 /* Release */,
			);
			defaultConfigurationIsVisible = 0;
			defaultConfigurationName = Release;
		};
		371E8D002116DD56000E7281 /* Build configuration list for PBXNativeTarget "GithubStatus_3" */ = {
			isa = XCConfigurationList;
			buildConfigurations = (
				371E8D012116DD56000E7281 /* Debug */,
				371E8D022116DD56000E7281 /* Release */,
			);
			defaultConfigurationIsVisible = 0;
			defaultConfigurationName = Release;
		};
/* End XCConfigurationList section */
	};
	rootObject = 371E8CEA2116DD55000E7281 /* Project object */;
}
